
Microsoft Visual Studio Solution File, Format Version 12.00
# Visual Studio Version 17
VisualStudioVersion = 17.8.34525.116
MinimumVisualStudioVersion = 10.0.40219.1
Project("{9A19103F-16F7-4668-BE54-9A1E7A4F7556}") = "PictureTrainer", "PictureTrainer.csproj", "{5FBDB6C6-DB08-406B-9C61-6FFB761F1796}"
EndProject
Global
	GlobalSection(SolutionConfigurationPlatforms) = preSolution
		Debug|Any CPU = Debug|Any CPU
		Release|Any CPU = Release|Any CPU
	EndGlobalSection
	GlobalSection(ProjectConfigurationPlatforms) = postSolution
		{5FBDB6C6-DB08-406B-9C61-6FFB761F1796}.Debug|Any CPU.ActiveCfg = Debug|Any CPU
		{5FBDB6C6-DB08-406B-9C61-6FFB761F1796}.Debug|Any CPU.Build.0 = Debug|Any CPU
		{5FBDB6C6-DB08-406B-9C61-6FFB761F1796}.Release|Any CPU.ActiveCfg = Release|Any CPU
		{5FBDB6C6-DB08-406B-9C61-6FFB761F1796}.Release|Any CPU.Build.0 = Release|Any CPU
	EndGlobalSection
	GlobalSection(SolutionProperties) = preSolution
		HideSolutionNode = FALSE
	EndGlobalSection
	GlobalSection(ExtensibilityGlobals) = postSolution
		SolutionGuid = {EAA07D91-10DF-4EBE-AEA9-B0B8261D490F}
	EndGlobalSection
EndGlobal
